
Microsoft Visual Studio Solution File, Format Version 12.00
# Visual Studio Version 16
VisualStudioVersion = 16.0.31410.357
MinimumVisualStudioVersion = 10.0.40219.1
Project("{FAE04EC0-301F-11D3-BF4B-00C04F79EFBC}") = "Entity Framework Test", "Entity Framework Test\Entity Framework Test.csproj", "{1193C420-8233-4871-8364-FE26F43EF259}"
EndProject
Global
	GlobalSection(SolutionConfigurationPlatforms) = preSolution
		Debug|Any CPU = Debug|Any CPU
		Release|Any CPU = Release|Any CPU
	EndGlobalSection
	GlobalSection(ProjectConfigurationPlatforms) = postSolution
		{1193C420-8233-4871-8364-FE26F43EF259}.Debug|Any CPU.ActiveCfg = Debug|Any CPU
		{1193C420-8233-4871-8364-FE26F43EF259}.Debug|Any CPU.Build.0 = Debug|Any CPU
		{1193C420-8233-4871-8364-FE26F43EF259}.Release|Any CPU.ActiveCfg = Release|Any CPU
		{1193C420-8233-4871-8364-FE26F43EF259}.Release|Any CPU.Build.0 = Release|Any CPU
	EndGlobalSection
	GlobalSection(SolutionProperties) = preSolution
		HideSolutionNode = FALSE
	EndGlobalSection
	GlobalSection(ExtensibilityGlobals) = postSolution
		SolutionGuid = {D78C476B-BA1F-4E78-B14E-060779AB1E7B}
	EndGlobalSection
EndGlobal
